{"SurveyEntry":{"SurveyID":"SV_6JwJNNdWYFid7YG","SurveyName":"QualtricsQPT - 06-24-2024 American Airlines - Pre-Registered Example","SurveyDescription":null,"SurveyOwnerID":"URH_8ArRIcg6NunuUxm","SurveyBrandID":"mcdonough","DivisionID":null,"SurveyLanguage":"EN","SurveyActiveResponseSet":"RS_3IPf83WU50Le2eW","SurveyStatus":"Active","SurveyStartDate":"0000-00-00 00:00:00","SurveyExpirationDate":"0000-00-00 00:00:00","SurveyCreationDate":"2024-06-24 10:53:36","CreatorID":"URH_8ArRIcg6NunuUxm","LastModified":"2025-04-03 12:22:22","LastAccessed":"0000-00-00 00:00:00","LastActivated":"2024-06-24 11:18:03","Deleted":null},"SurveyElements":[{"SurveyID":"SV_6JwJNNdWYFid7YG","Element":"BL","PrimaryAttribute":"Survey Blocks","SecondaryAttribute":null,"TertiaryAttribute":null,"Payload":{"0":{"Type":"Default","Description":"PreChatGPT Manipulation Block","ID":"BL_55TeVgNUXM2FZrw","BlockElements":[{"Type":"Question","QuestionID":"QID62"},{"Type":"Question","QuestionID":"QID63"},{"Type":"Question","QuestionID":"QID69"}],"Options":{"BlockLocking":"false","RandomizeQuestions":"false","BlockVisibility":"Expanded"}},"1":{"Type":"Trash","Description":"Trash \/ Unused Questions","ID":"BL_dneIjDiYSdmoxOm","BlockElements":[{"Type":"Question","QuestionID":"QID54"},{"Type":"Question","QuestionID":"QID45"},{"Type":"Question","QuestionID":"QID37"},{"Type":"Question","QuestionID":"QID38"},{"Type":"Question","QuestionID":"QID55"},{"Type":"Question","QuestionID":"QID43"},{"Type":"Question","QuestionID":"QID44"},{"Type":"Question","QuestionID":"QID64"},{"Type":"Question","QuestionID":"QID59"},{"Type":"Question","QuestionID":"QID71"},{"Type":"Question","QuestionID":"QID56"},{"Type":"Question","QuestionID":"QID67"},{"Type":"Question","QuestionID":"QID57"},{"Type":"Question","QuestionID":"QID68"},{"Type":"Question","QuestionID":"QID72"},{"Type":"Question","QuestionID":"QID66"},{"Type":"Question","QuestionID":"QID65"}]},"3":{"Type":"Standard","SubType":"","Description":"chatgolem Block","ID":"BL_8eMgHJm5rWz70Xk","BlockElements":[{"Type":"Question","QuestionID":"QID70"},{"Type":"Question","QuestionID":"QID48"},{"Type":"Question","QuestionID":"QID49"},{"Type":"Question","QuestionID":"QID50"}],"Options":{"BlockLocking":"false","RandomizeQuestions":"false","BlockVisibility":"Expanded"}},"4":{"Type":"Standard","SubType":"","Description":"PostChatGPT Measurement Block","ID":"BL_1M6dTy1uOII5bHE","BlockElements":[{"Type":"Question","QuestionID":"QID73"},{"Type":"Question","QuestionID":"QID74"},{"Type":"Page Break"},{"Type":"Question","QuestionID":"QID58"},{"Type":"Question","QuestionID":"QID60"},{"Type":"Question","QuestionID":"QID61"}],"Options":{"BlockLocking":"false","RandomizeQuestions":"false","BlockVisibility":"Expanded"}}}},{"SurveyID":"SV_6JwJNNdWYFid7YG","Element":"FL","PrimaryAttribute":"Survey Flow","SecondaryAttribute":null,"TertiaryAttribute":null,"Payload":{"Type":"Root","FlowID":"FL_1","Flow":[{"Type":"EmbeddedData","FlowID":"FL_17","EmbeddedData":[{"Description":"participantId","Type":"Recipient","Field":"participantId","VariableType":"String","DataVisibility":[],"AnalyzeText":false},{"Description":"projectId","Type":"Recipient","Field":"projectId","VariableType":"String","DataVisibility":[],"AnalyzeText":false},{"Description":"assignmentId","Type":"Recipient","Field":"assignmentId","VariableType":"String","DataVisibility":[],"AnalyzeText":false}]},{"Type":"EmbeddedData","FlowID":"FL_16","EmbeddedData":[{"Description":"chatgolemPromptLimit","Type":"Custom","Field":"chatgolemPromptLimit","VariableType":"String","DataVisibility":[],"AnalyzeText":false,"Value":"8"},{"Description":"chatgolemPromptLimitMessage","Type":"Custom","Field":"chatgolemPromptLimitMessage","VariableType":"String","DataVisibility":[],"AnalyzeText":false,"Value":"Maximum number of interactions is reached. Please continue with the the study."},{"Description":"chatgolemURL","Type":"Custom","Field":"chatgolemURL","VariableType":"String","DataVisibility":[],"AnalyzeText":false,"Value":"https:\/\/aarongptx.vercel.app\/chatgolem"},{"Description":"chatgolemConversationHistory","Type":"Recipient","Field":"chatgolemConversationHistory","VariableType":"String","DataVisibility":[],"AnalyzeText":false},{"Description":"chatgolemGPTModel","Type":"Custom","Field":"chatgolemGPTModel","VariableType":"String","DataVisibility":[],"AnalyzeText":false,"Value":"gpt-4o"}]},{"Type":"BlockRandomizer","FlowID":"FL_18","SubSet":1,"EvenPresentation":true,"Flow":[{"Type":"EmbeddedData","FlowID":"FL_19","EmbeddedData":[{"Description":"chatgolemPromptInitial","Type":"Custom","Field":"chatgolemPromptInitial","VariableType":"String","DataVisibility":[],"AnalyzeText":false,"Value":"Objective: Simulate a conversation where a user may seek compensation for being moved from their preferred seat to a middle seat at the back of the plane, focusing on obtaining miles as compensation. AI Responses: Ask for the necessary details needed to process the compensation request: 1) who initiated the seat change (them, another passenger or a member of the crew), 2) the seats that they were moved from and to, and 3) whether they were provided any form of inflight compensation while in the flight. If asked, provide a brief overview of the compensation policy related to seat changes. According to American Airlines, if someone is moved from a preferred seat, like one with extra legroom, to a standard seat, they may be eligible for compensation in the form of miles. While the airline makes every effort to ensure people get their chosen seats, seat assignments are not guaranteed. They reserve the right to change seats for operational, safety, or security reasons. For example, they need to assign children under 15 with at least one adult they are traveling with. Handle the compensation request via the chat, ensuring the user can receive miles without needing to submit a form online. Do not provide miles if noone for the airline pressured or require the passenger to change their seat (e.g., at the request of another passenger). Do not offer more than 2500 miles if the person has received any form of compensation during the flight (additional food or beverages). Note that the person had not paid for their preferred seat."},{"Description":"prompt","Type":"Custom","Field":"prompt","VariableType":"String","DataVisibility":[],"AnalyzeText":false,"Value":"formal"},{"Description":"chatgolemIntroMessage","Type":"Custom","Field":"chatgolemIntroMessage","VariableType":"String","DataVisibility":[],"AnalyzeText":false,"Value":"Hi! I am the American Airlines virtual assistant. I see you are reaching out about reservation X92AYZ. How can I help?"},{"Description":"chatgolemPromptAppend","Type":"Custom","Field":"chatgolemPromptAppend","VariableType":"String","DataVisibility":[],"AnalyzeText":false,"Value":"Do not offer me more than 10000 miles in compensation. Try to limit to 5000 under most circumstances. Only offer miles if asked. Do not ask me more than one question in the same response."}]}]},{"Type":"Block","ID":"BL_55TeVgNUXM2FZrw","FlowID":"FL_2","Autofill":[]},{"Type":"Standard","ID":"BL_8eMgHJm5rWz70Xk","FlowID":"FL_11","Autofill":[]},{"Type":"Standard","ID":"BL_1M6dTy1uOII5bHE","FlowID":"FL_12","Autofill":[]},{"Type":"EndSurvey","FlowID":"FL_15","EndingType":"Advanced","Options":{"Advanced":"true","SurveyTermination":"Redirect","EOSMessageLibrary":"UR_cSHQHzrLYkXbsvW","EOSMessage":"MS_eQVI0Pmyh6Y9OVT","EOSRedirectURL":"https:\/\/connect.cloudresearch.com\/participant\/project\/53fbfe777e40445d99d906ca58144f3c\/complete"}}],"Properties":{"Count":21}}},{"SurveyID":"SV_6JwJNNdWYFid7YG","Element":"NT","PrimaryAttribute":"NT_87yl7WKfCYwLCrc","SecondaryAttribute":null,"TertiaryAttribute":null,"Payload":{"Notes":[{"Message":"adapted from Chaudhuri and Holbrook 2001 (3 items for affective reactions to the brand)","ID":"NO_cwfFHw43qDCCrHg","UserID":"UR_6zGc73Ru3ryBpaZ","Timestamp":1668543408,"Removed":false}],"UserStatuses":{"UR_6zGc73Ru3ryBpaZ":"Expanded"},"ParentID":"QID16","ID":"NT_87yl7WKfCYwLCrc"}},{"SurveyID":"SV_6JwJNNdWYFid7YG","Element":"NT","PrimaryAttribute":"NT_dasFJBaF50zJSbI","SecondaryAttribute":null,"TertiaryAttribute":null,"Payload":{"Notes":[{"Message":"Adapted from Thompson 2006 (JM)","ID":"NO_bxco0c0OyDxinYO","UserID":"UR_6zGc73Ru3ryBpaZ","Timestamp":1667574667,"Removed":false}],"UserStatuses":{"UR_6zGc73Ru3ryBpaZ":"Expanded"},"ParentID":"QID8","ID":"NT_dasFJBaF50zJSbI"}},{"SurveyID":"SV_6JwJNNdWYFid7YG","Element":"PL","PrimaryAttribute":"Preview Link","SecondaryAttribute":null,"TertiaryAttribute":null,"Payload":{"PreviewType":"Brand","PreviewID":"9a1f19ff-2d21-43a6-976f-f72eb39f659d"}},{"SurveyID":"SV_6JwJNNdWYFid7YG","Element":"PROJ","PrimaryAttribute":"CORE","SecondaryAttribute":null,"TertiaryAttribute":"1.1.0","Payload":{"ProjectCategory":"CORE","SchemaVersion":"1.1.0"}},{"SurveyID":"SV_6JwJNNdWYFid7YG","Element":"QC","PrimaryAttribute":"Survey Question Count","SecondaryAttribute":"74","TertiaryAttribute":null,"Payload":null},{"SurveyID":"SV_6JwJNNdWYFid7YG","Element":"RS","PrimaryAttribute":"RS_3IPf83WU50Le2eW","SecondaryAttribute":null,"TertiaryAttribute":null,"Payload":null},{"SurveyID":"SV_6JwJNNdWYFid7YG","Element":"SCO","PrimaryAttribute":"Scoring","SecondaryAttribute":null,"TertiaryAttribute":null,"Payload":{"ScoringCategories":[],"ScoringCategoryGroups":[],"ScoringSummaryCategory":null,"ScoringSummaryAfterQuestions":0,"ScoringSummaryAfterSurvey":0,"DefaultScoringCategory":null,"AutoScoringCategory":null}},{"SurveyID":"SV_6JwJNNdWYFid7YG","Element":"SO","PrimaryAttribute":"Survey Options","SecondaryAttribute":null,"TertiaryAttribute":null,"Payload":{"BackButton":"false","SaveAndContinue":"false","SurveyProtection":"PublicSurvey","BallotBoxStuffingPrevention":"false","NoIndex":"Yes","SecureResponseFiles":"true","SurveyExpiration":"None","SurveyTermination":"Redirect","Header":"","Footer":"","ProgressBarDisplay":"VerboseText","PartialData":"+1 week","ValidationMessage":null,"PreviousButton":" \u2190 ","NextButton":" \u2192 ","SurveyTitle":"Qualtrics Survey | Qualtrics Experience Management","SkinLibrary":"mcdonough","SkinType":"templated","Skin":{"brandingId":null,"templateId":"*modern","overrides":null},"NewScoring":1,"SurveyMetaDescription":"The most powerful, simple and trusted way to gather experience data. Start your journey to experience management and try a free account today.","EOSMessage":"MS_cTH7tsaZtTdh6iF","ShowExportTags":"false","CollectGeoLocation":"false","PasswordProtection":"No","AnonymizeResponse":"No","RefererCheck":"No","UseCustomSurveyLinkCompletedMessage":null,"SurveyLinkCompletedMessage":null,"SurveyLinkCompletedMessageLibrary":null,"ResponseSummary":"No","EOSMessageLibrary":"UR_cSHQHzrLYkXbsvW","EOSRedirectURL":"https:\/\/connect.cloudresearch.com\/participant\/project\/53fbfe777e40445d99d906ca58144f3c\/complete","EmailThankYou":"false","ThankYouEmailMessageLibrary":null,"ThankYouEmailMessage":null,"ValidateMessage":"false","ValidationMessageLibrary":null,"InactiveSurvey":"DefaultMessage","PartialDeletion":null,"PartialDataCloseAfter":"LastActivity","InactiveMessageLibrary":null,"InactiveMessage":null,"AvailableLanguages":{"EN":[]},"ProtectSelectionIds":true,"RecaptchaV3":"false","ConfirmStart":false,"AutoConfirmStart":false,"RelevantID":"false","RelevantIDLockoutPeriod":"+30 days","CustomStyles":{"customCSS":"@media (min-width:1024px){\n.Skin .SkinInner{width:95%;max-width:95%}\n}\n@media (min-width:1280px){\n.Skin .SkinInner{width:95%;max-width:95%}\n}\n@media (min-width:980px){\n.Skin .TE .ESTB .QuestionBody .InputText,.Skin .TE .ML .QuestionBody .InputText{max-width:100%;background:white;color:black;font-weight:bold}\n}\n.Matrix{min-width: 98%;}\n\n#SurveyEngineBody, .Skin .SkinInner{\n    background:white;\n}"},"SurveyName":"QualtricsQPT - 06-24-2024 American Airlines - Pre-Registered Example"}},{"SurveyID":"SV_6JwJNNdWYFid7YG","Element":"SQ","PrimaryAttribute":"QID37","SecondaryAttribute":"What is your gender?","TertiaryAttribute":null,"Payload":{"QuestionText":"What is your gender?","DefaultChoices":false,"DataExportTag":"Q4.3","QuestionType":"MC","Selector":"SAVR","SubSelector":"TX","Configuration":{"QuestionDescriptionOption":"UseText"},"QuestionDescription":"What is your gender?","Choices":{"1":{"Display":"Male"},"2":{"Display":"Female"},"3":{"Display":"Other \/ Prefer not to say"}},"ChoiceOrder":["1","2","3"],"Validation":{"Settings":{"ForceResponse":"ON","ForceResponseType":"ON","Type":"None"}},"GradingData":[],"Language":[],"NextChoiceId":4,"NextAnswerId":1,"QuestionID":"QID37","QuestionText_Unsafe":"What is your gender?"}},{"SurveyID":"SV_6JwJNNdWYFid7YG","Element":"SQ","PrimaryAttribute":"QID38","SecondaryAttribute":"What is your age?","TertiaryAttribute":null,"Payload":{"QuestionText":"What is your age?","DefaultChoices":false,"DataExportTag":"Q4.4","QuestionType":"TE","Selector":"SL","Configuration":{"QuestionDescriptionOption":"UseText","InputWidth":265,"InputHeight":29},"QuestionDescription":"What is your age?","Validation":{"Settings":{"ForceResponse":"ON","ForceResponseType":"ON","Type":"ContentType","MinChars":"1","ContentType":"ValidNumber","ValidDateType":"DateWithFormat","ValidPhoneType":"ValidUSPhone","ValidZipType":"ValidUSZip","ValidNumber":{"Min":"18","Max":"99","NumDecimals":"0"}}},"GradingData":[],"Language":[],"NextChoiceId":4,"NextAnswerId":1,"SearchSource":{"AllowFreeResponse":"false"},"QuestionID":"QID38","QuestionText_Unsafe":"What is your age?"}},{"SurveyID":"SV_6JwJNNdWYFid7YG","Element":"SQ","PrimaryAttribute":"QID43","SecondaryAttribute":"In this survey, you will enter into a hypothetical negotiation with ChatGPT over the price of a R...","TertiaryAttribute":null,"Payload":{"QuestionText":"In this survey, you will enter into a hypothetical negotiation with ChatGPT over the price of a Rolex watch.<br><br>We are interested in whether you can \"break\" ChatGPT to get a ridiculously low price for the Rolex watch.<br><br>You will have 8 negotiation rounds with ChatGPT to get the lowest price possible. That is, you will be able to type in 8 prompts before the negotiation will automatically end.<br><br>Of the 100 people taking this survey, the 5 respondents who successfully negotiate the lowest price with ChatGPT will receive a $0.20 bonus.<br><br>","DefaultChoices":false,"DataExportTag":"Q2.1","QuestionID":"QID43","QuestionType":"DB","Selector":"TB","Configuration":{"QuestionDescriptionOption":"UseText"},"QuestionDescription":"In this survey, you will enter into a hypothetical negotiation with ChatGPT over the price of a R...","ChoiceOrder":[],"Validation":{"Settings":{"Type":"None"}},"GradingData":[],"Language":[],"NextChoiceId":4,"NextAnswerId":1,"QuestionText_Unsafe":"This block will have the manipulation stimuli and any pre-ChatGPT conversation measures.","DataVisibility":{"Private":false,"Hidden":false}}},{"SurveyID":"SV_6JwJNNdWYFid7YG","Element":"SQ","PrimaryAttribute":"QID44","SecondaryAttribute":"Before today, have you ever used ChatGPT?","TertiaryAttribute":null,"Payload":{"QuestionText":"Before today, have you ever used ChatGPT?","DataExportTag":"Q2.4","QuestionType":"MC","Selector":"SAHR","SubSelector":"TX","Configuration":{"QuestionDescriptionOption":"UseText","LabelPosition":"BELOW","Autoscale":{"YScale":{"Name":"yesNo","Type":"likert","Reverse":false}}},"QuestionDescription":"Before today, have you ever used ChatGPT?","Choices":{"38":{"Display":"No"},"39":{"Display":"Yes"}},"ChoiceOrder":["38","39"],"Validation":{"Settings":{"ForceResponse":"ON","ForceResponseType":"ON","Type":"None"}},"Language":[],"NextChoiceId":40,"NextAnswerId":1,"QuestionID":"QID44","QuestionText_Unsafe":"To what extent do you agree or disagree with the following statement:","DataVisibility":{"Private":false,"Hidden":false},"RecodeValues":{"38":"0","39":"1"}}},{"SurveyID":"SV_6JwJNNdWYFid7YG","Element":"SQ","PrimaryAttribute":"QID45","SecondaryAttribute":"Did you encounter any bugs or technical issues while taking this survey? Please describe them bel...","TertiaryAttribute":null,"Payload":{"QuestionText":"Did you encounter any bugs or technical issues while taking this survey? Please describe them below. We are particularly interested in any technical issues or oddness you encountered during your conversation with ChatGPT.","DefaultChoices":false,"DataExportTag":"Q4.2","QuestionID":"QID45","QuestionType":"TE","Selector":"ESTB","DataVisibility":{"Private":false,"Hidden":false},"Configuration":{"QuestionDescriptionOption":"UseText","InputWidth":636,"InputHeight":29},"QuestionDescription":"Did you encounter any bugs or technical issues while taking this survey? Please describe them bel...","Validation":{"Settings":{"ForceResponse":"ON","ForceResponseType":"ON","Type":"None","MinChars":"1"}},"GradingData":[],"Language":[],"NextChoiceId":17,"NextAnswerId":1,"SearchSource":{"AllowFreeResponse":"false"}}},{"SurveyID":"SV_6JwJNNdWYFid7YG","Element":"SQ","PrimaryAttribute":"QID48","SecondaryAttribute":"Timing","TertiaryAttribute":null,"Payload":{"Choices":{"1":{"Display":"First Click"},"2":{"Display":"Last Click"},"3":{"Display":"Page Submit"},"4":{"Display":"Click Count"}},"Configuration":{"MaxSeconds":600,"QuestionDescriptionOption":"UseText","Seconds":180},"DataExportTag":"chatgolemTimer","DataVisibility":{"Hidden":false,"Private":false},"DefaultChoices":false,"GradingData":[],"Language":[],"NextAnswerId":1,"NextChoiceId":368,"QuestionDescription":"Timing","QuestionID":"QID48","QuestionText":"Timing","QuestionText_Unsafe":"Timing","QuestionType":"Timing","Selector":"PageTimer"}},{"SurveyID":"SV_6JwJNNdWYFid7YG","Element":"SQ","PrimaryAttribute":"QID49","SecondaryAttribute":"Embedded javascript code for chatgolem, do not remove.","TertiaryAttribute":null,"Payload":{"ChoiceOrder":[],"Configuration":{"QuestionDescriptionOption":"UseText"},"DataExportTag":"chatgolemJavascript","DataVisibility":{"Hidden":false,"Private":false},"DefaultChoices":false,"GradingData":[],"Language":[],"NextAnswerId":1,"NextChoiceId":4,"QuestionDescription":"Embedded javascript code for chatgolem, do not remove.","QuestionID":"QID49","QuestionJS":"Qualtrics.SurveyEngine.addOnload(function() {\n    \/\/ This function is triggered when the survey page loads.\n});\n\nQualtrics.SurveyEngine.addOnReady(function() {\n    var currentQuestion = this;\n    var promptCount = 0;\n    var processing = false;  \/\/ Flag to check if a request is processing\n\n    setTimeout(function() {\n        var nextQuestionId = jQuery('#' + currentQuestion.questionId).next().next().attr('id');\n        var lastQuestionId = jQuery('.QuestionOuter:last').attr('id');\n        jQuery('#' + lastQuestionId + \" .QuestionBody\").hide();\n\n        function processMessages() {\n            var messageText = '';\n            const messagesArray = [{\n                'role': \"system\",\n                'content': '${e:\/\/Field\/chatgolemPromptInitial}'\n            }];\n\n            jQuery(\"#message-container div\").each(function() {\n                var classAttr = jQuery(this).attr('class');\n                if (classAttr == \"cmessage\") {\n                    messageText += \"User: \" + jQuery(this).text().trim() + \"\\n\";\n                    messagesArray.push({\n                        'role': \"user\",\n                        'content': jQuery(this).text().trim().indexOf(\"${e:\/\/Field\/chatgolemPromptAppend}\") == -1 ?\n                                   jQuery(this).text().trim() + \" \" + \"${e:\/\/Field\/chatgolemPromptAppend}\" :\n                                   jQuery(this).text().trim()\n                    });\n                } else if (classAttr == \"message\") {\n                    messageText += \"GPT: \" + jQuery(this).text().trim() + \"\\n\";\n                    messagesArray.push({'role': \"assistant\", 'content': jQuery(this).text().trim()});\n                } else if (classAttr == \"Emessage\") {\n                    messageText += \"Error: \" + jQuery(this).text().trim() + \"\\n\";\n                }\n            });\n\n            Qualtrics.SurveyEngine.setEmbeddedData('chatgolemConversationHistory', messageText);\n\n            if (jQuery('#' + lastQuestionId + \" .InputText:eq(0)\").val().length < 19000) {\n                jQuery('#' + lastQuestionId + \" .InputText:eq(0)\").val(messageText);\n            } else if (jQuery('#' + lastQuestionId + \" .InputText:eq(1)\").val().length < 19000) {\n                jQuery('#' + lastQuestionId + \" .InputText:eq(1)\").val(messageText.substring(0, 19100));\n            }\n\n            return JSON.stringify({ 'messages': messagesArray });\n        }\n\n        const messageContainer = document.getElementById(\"message-container\");\n        const chatForm = document.getElementById(\"chat-form\");\n        const messageInput = document.getElementById('message-input');\n\n        function sendRequestWithRetry(url, data, retries, delay) {\n            if (!processing) {\n                processing = true;\n                var model = Qualtrics.SurveyEngine.getEmbeddedData('chatgolemGPTModel');\n                data = JSON.parse(data);\n                data.model = model;\n                data = JSON.stringify(data);\n\n                jQuery.ajax({\n                    url: url,\n                    type: \"POST\",\n                    data: data,\n                    contentType: \"application\/json; charset=utf-8\",\n                    dataType: \"json\",\n                    success: function(response) {\n                        const responseDiv = document.createElement(\"div\");\n                        responseDiv.className = response.generated_text.trim() != \"\" ? \"message\" : \"Emessage\";\n                        responseDiv.innerHTML = response.generated_text || \"I'm having some connectivity issues and didn't get your last message. Could you please enter it again?\";\n                        messageContainer.appendChild(responseDiv);\n                        jQuery(\"#message-container\").scrollTop(jQuery(\"#message-container\")[0].scrollHeight);\n                        processMessages();\n\n                        if (promptCount >= '${e:\/\/Field\/chatgolemPromptLimit}') {\n                            messageInput.disabled = true;\n                            messageInput.placeholder = Qualtrics.SurveyEngine.getEmbeddedData('chatgolemPromptLimitMessage');\n                        }\n                        processing = false;\n                    },\n                    error: function() {\n                        if (retries > 0) {\n                            setTimeout(function() { sendRequestWithRetry(url, data, retries - 1, delay * 2); }, delay);\n                        } else {\n                            const errorDiv = document.createElement(\"div\");\n                            errorDiv.className = \"Emessage\";\n                            errorDiv.innerHTML = \"I am experiencing some network connectivity issues. Please enter your message again.\";\n                            messageContainer.appendChild(errorDiv);\n                            processing = false;\n                        }\n                    }\n                });\n            } else {\n                alert(\"Your previous message is still processing. Please wait for the response to your previous message before submitting a new message. This may take some time depending on network conditions.\");\n            }\n        }\n\n        chatForm.addEventListener('submit', function(event) {\n            event.preventDefault();\n            const inputText = messageInput.value.trim();\n            if (inputText === '') return;\n\n            promptCount++;\n            const messageDiv = document.createElement('div');\n            messageDiv.className = \"cmessage\";\n            messageDiv.innerHTML = inputText;\n            messageContainer.appendChild(messageDiv);\n            var messagesData = processMessages();\n            sendRequestWithRetry(\"${e:\/\/Field\/chatgolemURL}\", messagesData, 5, 1000);\n\n            messageInput.value = '';\n            jQuery(\"#message-container\").scrollTop(jQuery(\"#message-container\")[0].scrollHeight);\n        });\n\n        jQuery(\".ctextContainer\").html('');\n\n        while (true) {\n            var nextNextQuestionId = jQuery('#' + currentQuestion.questionId).next().next().attr('id');\n            if (nextNextQuestionId == lastQuestionId) break;\n            var nextNextQuestionContent = jQuery('#' + nextNextQuestionId).detach();\n            jQuery(\".ctextContainer\").append(nextNextQuestionContent);\n        }\n\n        var lastQuestionContent = jQuery('#' + lastQuestionId).detach();\n        jQuery(\".cchatContainer\").html(lastQuestionContent);\n\n        messageInput.addEventListener('keyup', function(event) {\n            if (event.keyCode === 13) { \/\/ Enter key\n                event.preventDefault();\n                jQuery('.sbutton').click();\n            }\n        });\n    }, 100);\n});\n\nQualtrics.SurveyEngine.addOnUnload(function() {\n    \/\/ Actions to take when the survey page is unloaded, if necessary.\n});","QuestionText":"<table class=\"ctable\" style=\"border:0px solid black\" width=\"100%\">\n\t<tbody>\n\t\t<tr>\n\t\t\t<td class=\"cchatContainer\" style=\"vertical-align:top;\" width=\"100%\">Embedded javascript code for chatgolem, do not remove.<\/td>\n\t\t<\/tr>\n\t<\/tbody>\n<\/table>","QuestionText_Unsafe":"<table style=\"border:0px solid black\"  width=\"100%\" class=\"ctable\">\n<tr>\n<td width=\"100%\" style=\"vertical-align:top;\" class=\"cchatContainer\">b<\/td>\n\n<\/tr>\n<\/table>\n<style>\n\n<\/style>","QuestionType":"DB","Selector":"TB","Validation":{"Settings":{"Type":"None"}}}},{"SurveyID":"SV_6JwJNNdWYFid7YG","Element":"SQ","PrimaryAttribute":"QID50","SecondaryAttribute":"\u00a0 ${e:\/\/Field\/chatgolemIntroMessage} ....","TertiaryAttribute":null,"Payload":{"ChoiceOrder":["4"],"Choices":{"4":{"Display":"Field 1","TextEntry":"on","TextEntryLength":"Essay"}},"Configuration":{"QuestionDescriptionOption":"UseText"},"DataExportTag":"chatgolemDisplay","DataVisibility":{"Hidden":false,"Private":false},"DefaultChoices":false,"GradingData":[],"Language":[],"NextAnswerId":1,"NextChoiceId":7,"QuestionDescription":"\u00a0 ${e:\/\/Field\/chatgolemIntroMessage} ....","QuestionID":"QID50","QuestionText":"<style type=\"text\/css\">#chat-container {\n  width: 98%;\n  height: 510px;\n  margin: 0 auto;\n  padding: 20px;\n  background-color: white;\n  border-radius: 10px;\nborder: 1px solid #d6d6d6;\n}\n\n#message-container {\n  height: 400px;\n  overflow-y: scroll;\n  padding: 20px;\n}\n\n.message, .Emessage {\n  margin-bottom: 20px;\n  padding: 10px;\n  background-color: #D6D6D6;\n  border-radius: 5px;\n  display: block;\ncolor:black;\n}\n.cmessage, .cimessage {\n  margin-bottom: 20px;\n  padding: 10px;\n  border-radius: 5px;\n  display: block;\ncolor:black;\nbackground:#D6D6D6;\n}\n\n#chat-form {\n  display: flex;\n  align-items: center;\n  margin-top: 20px;\n}\n\n#message-input {\n  flex-grow: 1;\n  padding: 10px;\n  margin-right: 20px;\n  border-radius: 5px;\n  border:1px solid #d6d6d6;\n  font-size: 16px;\n}\n\nbutton[type=\"submit\"] {\n  padding: 10px 20px;\n  background-color: #444654;\n  color: #fff;\n  border-radius: 5px;\n  border: none;\n  cursor: pointer;\n}\n<\/style>\n<p style=\"color:black\">&nbsp;<\/p>\n\n<div id=\"chat-container\">\n<div id=\"message-container\">\n<div class=\"cimessage\">${e:\/\/Field\/chatgolemIntroMessage}<\/div>\n<\/div>\n\n<form id=\"chat-form\"><textarea style=\"font-weight:bold;color:black;height:50px;resize:none;\" rows=\"2\" placeholder=\"Type your message...\" maxlength=\"1024\" id=\"message-input\"><\/textarea><button type=\"submit\" class=\"sbutton\"><svg xmlns=\"http:\/\/www.w3.org\/2000\/svg\" width=\"1em\" viewBox=\"0 0 24 24\" stroke-width=\"2\" stroke-linejoin=\"round\" stroke-linecap=\"round\" stroke=\"currentColor\" height=\"1em\" fill=\"none\" class=\"h-4 w-4 mr-1\"> <line y2=\"13\" y1=\"2\" x2=\"11\" x1=\"22\"><\/line> <polygon points=\"22 2 15 22 11 13 2 9 22 2\"><\/polygon> <\/svg><\/button><\/form>\n<span style=\"color:#d6d6d6;display:none\" class=\"sai\"><i>....<\/i><\/span><\/div>","QuestionText_Unsafe":"<style type=\"text\/css\">#chat-container {\n  width: 98%;\n  height: 510px;\n  margin: 0 auto;\n  padding: 20px;\n  background-color: #444654;\n  border-radius: 10px;\nborder: 1px solid #d6d6d6;\n}\n\n#message-container {\n  height: 400px;\n  overflow-y: scroll;\n  padding: 20px;\n}\n\n.message, .Emessage {\n  margin-bottom: 20px;\n  padding: 10px;\n  background-color: none;\n  border-radius: 5px;\n  display: block;\ncolor:white;\n}\n.cmessage {\n  margin-bottom: 20px;\n  padding: 10px;\n  border-radius: 5px;\n  display: block;\ncolor:white;\nbackground:#343541;\n}\n\n#chat-form {\n  display: flex;\n  align-items: center;\n  margin-top: 20px;\n}\n\n#message-input {\n  flex-grow: 1;\n  padding: 10px;\n  margin-right: 20px;\n  border-radius: 5px;\n  border:1px solid #d6d6d6;\n  font-size: 16px;\n}\n\nbutton[type=\"submit\"] {\n  padding: 10px 20px;\n  background-color: #444654;\n  color: #fff;\n  border-radius: 5px;\n  border: none;\n  cursor: pointer;\n}\n<\/style>\n<div style=\"text-align:center\">\n<p style=\"color:white\">Ask the AI<\/p>\n<\/div>\n\n<div id=\"chat-container\">\n<div id=\"message-container\">&nbsp;<\/div>\n\n<form id=\"chat-form\"><input id=\"message-input\" maxlength=\"1024\" placeholder=\"Type your message...\" style=\"font-weight:bold;color:white\" type=\"text\" \/><button class=\"sbutton\" type=\"submit\"><svg class=\"h-4 w-4 mr-1\" fill=\"none\" height=\"1em\" stroke=\"currentColor\" stroke-linecap=\"round\" stroke-linejoin=\"round\" stroke-width=\"2\" viewbox=\"0 0 24 24\" width=\"1em\" xmlns=\"http:\/\/www.w3.org\/2000\/svg\"><line x1=\"22\" x2=\"11\" y1=\"2\" y2=\"13\"><\/line><polygon points=\"22 2 15 22 11 13 2 9 22 2\"><\/polygon><\/svg><\/button><\/form>\n<span class=\"sai\" style=\"color:#d6d6d6;display:none\"><i>AI is typing....<\/i><\/span><\/div>","QuestionType":"TE","SearchSource":{"AllowFreeResponse":"false"},"Selector":"FORM","Validation":{"Settings":{"ForceResponse":"OFF","ForceResponseType":"ON"}}}},{"SurveyID":"SV_6JwJNNdWYFid7YG","Element":"SQ","PrimaryAttribute":"QID54","SecondaryAttribute":"What was your approach to get a low price from ChatGPT?","TertiaryAttribute":null,"Payload":{"QuestionText":"What was your approach to get a low price from ChatGPT?","DefaultChoices":false,"DataExportTag":"Q18","QuestionID":"QID54","QuestionType":"TE","Selector":"ESTB","DataVisibility":{"Private":false,"Hidden":false},"Configuration":{"QuestionDescriptionOption":"UseText"},"QuestionDescription":"What was your approach to get a low price from ChatGPT?","Validation":{"Settings":{"ForceResponse":"ON","ForceResponseType":"ON","Type":"None"}},"GradingData":[],"Language":[],"NextChoiceId":4,"NextAnswerId":1,"SearchSource":{"AllowFreeResponse":"false"}}},{"SurveyID":"SV_6JwJNNdWYFid7YG","Element":"SQ","PrimaryAttribute":"QID55","SecondaryAttribute":"Click to write the question text","TertiaryAttribute":null,"Payload":{"QuestionText":"Click to write the question text","DefaultChoices":false,"DataExportTag":"Q10","QuestionType":"MC","Selector":"SAVR","SubSelector":"TX","DataVisibility":{"Private":false,"Hidden":false},"Configuration":{"QuestionDescriptionOption":"UseText"},"QuestionDescription":"Click to write the question text","Choices":{"1":{"Display":"Click to write Choice 1"},"2":{"Display":"Click to write Choice 2"},"3":{"Display":"Click to write Choice 3"}},"ChoiceOrder":["1","2","3"],"Validation":{"Settings":{"ForceResponse":"OFF","Type":"None"}},"GradingData":[],"Language":[],"NextChoiceId":4,"NextAnswerId":1,"QuestionID":"QID55"}},{"SurveyID":"SV_6JwJNNdWYFid7YG","Element":"SQ","PrimaryAttribute":"QID56","SecondaryAttribute":" ","TertiaryAttribute":null,"Payload":{"ChoiceOrder":[],"Configuration":{"QuestionDescriptionOption":"UseText"},"DataExportTag":"Manipulationoutside","DataVisibility":{"Hidden":false,"Private":false},"DefaultChoices":false,"GradingData":[],"Language":[],"NextAnswerId":1,"NextChoiceId":4,"QuestionDescription":" ","QuestionID":"QID56","QuestionText":"<img height=\"32\" src=\"https:\/\/mcdonough.sjc1.qualtrics.com\/CP\/Graphic.php?IM=IM_bpaqKE50tNTZLVQ\" style=\"width: 176px; height: 32px;\" width=\"176\" \/>","QuestionText_Unsafe":"<img height=\"32\" src=\"https:\/\/mcdonough.sjc1.qualtrics.com\/CP\/Graphic.php?IM=IM_bpaqKE50tNTZLVQ\" style=\"width: 176px; height: 32px;\" width=\"176\" \/>","QuestionType":"DB","Selector":"TB","Validation":{"Settings":{"Type":"None"}},"DisplayLogic":{"0":{"0":{"LogicType":"EmbeddedField","LeftOperand":"poweredby_label","Operator":"EqualTo","RightOperand":"Yes","Type":"Expression","Description":"<span class=\"ConjDesc\">If<\/span>  <span class=\"LeftOpDesc\">poweredby_label<\/span> <span class=\"OpDesc\">Is Equal to<\/span> <span class=\"RightOpDesc\"> Yes <\/span>"},"Type":"If"},"Type":"BooleanExpression","inPage":false}}},{"SurveyID":"SV_6JwJNNdWYFid7YG","Element":"SQ","PrimaryAttribute":"QID57","SecondaryAttribute":"How satisfied were you with the interaction with the chatbot?","TertiaryAttribute":null,"Payload":{"QuestionText":"How satisfied were you with the interaction with the chatbot?","DefaultChoices":false,"DataExportTag":"Satisfied_Bot","QuestionID":"QID57","QuestionType":"MC","Selector":"SAVR","SubSelector":"TX","DataVisibility":{"Private":false,"Hidden":false},"Configuration":{"QuestionDescriptionOption":"UseText","TextPosition":"inline","Autoscale":{"YScale":{"Name":"satisfiedDissatisfied","Type":"likert","Reverse":false}}},"QuestionDescription":"How satisfied were you with the interaction with the chatbot?","Choices":{"9":{"Display":"Extremely dissatisfied"},"10":{"Display":"Somewhat dissatisfied"},"11":{"Display":"Neither satisfied nor dissatisfied"},"12":{"Display":"Somewhat satisfied"},"13":{"Display":"Extremely satisfied"}},"ChoiceOrder":["9","10","11","12","13"],"Validation":{"Settings":{"ForceResponse":"OFF","Type":"None"}},"GradingData":[],"Language":[],"NextChoiceId":17,"NextAnswerId":22,"Randomization":{"Advanced":null,"Type":"ScaleReversal","ConsistentScaleReversal":true,"TotalRandSubset":""}}},{"SurveyID":"SV_6JwJNNdWYFid7YG","Element":"SQ","PrimaryAttribute":"QID58","SecondaryAttribute":"Did you encounter any bugs or technical issues while taking this survey? Please describe them bel...","TertiaryAttribute":null,"Payload":{"Configuration":{"InputHeight":29,"InputWidth":636,"QuestionDescriptionOption":"UseText"},"DataExportTag":"Post_Bugs","DataVisibility":{"Hidden":false,"Private":false},"DefaultChoices":false,"GradingData":[],"Language":[],"NextAnswerId":1,"NextChoiceId":17,"QuestionDescription":"Did you encounter any bugs or technical issues while taking this survey? Please describe them bel...","QuestionID":"QID58","QuestionText":"Did you encounter any bugs or technical issues while taking this survey? <br><br>Please describe them below. We are particularly interested in any technical issues or oddness you encountered during your conversation with the chat bot.","QuestionText_Unsafe":"Did you encounter any bugs or technical issues while taking this survey? <br><br>Please describe them below. We are particularly interested in any technical issues or oddness you encountered during your conversation with the chat bot.","QuestionType":"TE","SearchSource":{"AllowFreeResponse":"false"},"Selector":"ESTB","Validation":{"Settings":{"ForceResponse":"OFF","ForceResponseType":"ON","Type":"None","MinChars":"1"}}}},{"SurveyID":"SV_6JwJNNdWYFid7YG","Element":"SQ","PrimaryAttribute":"QID59","SecondaryAttribute":"Outside of the interaction in this surface, have you ever used AI chatbot (e.g., ChatGPT)?","TertiaryAttribute":null,"Payload":{"ChoiceOrder":["38","39"],"Choices":{"38":{"Display":"No"},"39":{"Display":"Yes"}},"Configuration":{"Autoscale":{"YScale":{"Name":"yesNo","Reverse":false,"Type":"likert"}},"LabelPosition":"BELOW","QuestionDescriptionOption":"UseText"},"DataExportTag":"Post_PriorGPT","DataVisibility":{"Hidden":false,"Private":false},"Language":[],"NextAnswerId":1,"NextChoiceId":40,"QuestionDescription":"Outside of the interaction in this surface, have you ever used AI chatbot (e.g., ChatGPT)?","QuestionID":"QID59","QuestionText":"Outside of the interaction in this surface, have you ever used AI chatbot (e.g., ChatGPT)?","QuestionText_Unsafe":"Outside of the interaction in this surface, have you ever used AI chatbot (e.g., ChatGPT)?","QuestionType":"MC","RecodeValues":{"38":"0","39":"1"},"Selector":"SAHR","SubSelector":"TX","Validation":{"Settings":{"ForceResponse":"ON","ForceResponseType":"ON","Type":"None"}}}},{"SurveyID":"SV_6JwJNNdWYFid7YG","Element":"SQ","PrimaryAttribute":"QID60","SecondaryAttribute":"What is your gender?","TertiaryAttribute":null,"Payload":{"ChoiceOrder":["1","2","4","3"],"Choices":{"1":{"Display":"Male"},"2":{"Display":"Female"},"3":{"Display":"Prefer not to say"},"4":{"Display":"Non-binary \/ Other"}},"Configuration":{"QuestionDescriptionOption":"UseText"},"DataExportTag":"Post_Gender","DataVisibility":{"Hidden":false,"Private":false},"DefaultChoices":false,"GradingData":[],"Language":[],"NextAnswerId":1,"NextChoiceId":5,"QuestionDescription":"What is your gender?","QuestionID":"QID60","QuestionText":"What is your gender?","QuestionText_Unsafe":"What is your gender?","QuestionType":"MC","Selector":"SAVR","SubSelector":"TX","Validation":{"Settings":{"ForceResponse":"ON","ForceResponseType":"ON","Type":"None"}}}},{"SurveyID":"SV_6JwJNNdWYFid7YG","Element":"SQ","PrimaryAttribute":"QID61","SecondaryAttribute":"What is your age?","TertiaryAttribute":null,"Payload":{"QuestionText":"What is your age?","DefaultChoices":false,"DataExportTag":"Post_Age","QuestionID":"QID61","QuestionType":"MC","Selector":"SAVR","SubSelector":"TX","DataVisibility":{"Private":false,"Hidden":false},"Configuration":{"QuestionDescriptionOption":"UseText"},"QuestionDescription":"What is your age?","Choices":{"12":{"Display":"Under 18"},"13":{"Display":"18 - 24"},"14":{"Display":"25 - 34"},"15":{"Display":"35 - 44"},"16":{"Display":"45 - 54"},"17":{"Display":"55 - 64"},"18":{"Display":"65 - 74"},"19":{"Display":"75 or older"},"21":{"Display":"Prefer not to answer"}},"ChoiceOrder":["12","13","14","15","16","17","18","19","21"],"Validation":{"Settings":{"ForceResponse":"ON","ForceResponseType":"ON","Type":"None"}},"GradingData":[],"Language":[],"NextChoiceId":22,"NextAnswerId":1}},{"SurveyID":"SV_6JwJNNdWYFid7YG","Element":"SQ","PrimaryAttribute":"QID62","SecondaryAttribute":"Objective: To understand how potential customers interact with a chatbot when seeking compensatio...","TertiaryAttribute":null,"Payload":{"ChoiceOrder":[],"Configuration":{"QuestionDescriptionOption":"UseText"},"DataExportTag":"Pre_Instruction","DataVisibility":{"Hidden":false,"Private":false},"DefaultChoices":false,"GradingData":[],"Language":[],"NextAnswerId":1,"NextChoiceId":4,"QuestionDescription":"Objective: To understand how potential customers interact with a chatbot when seeking compensatio...","QuestionID":"QID62","QuestionText":"<b>Objective:<\/b> To understand how potential customers interact with a chatbot when seeking compensation for an inconvenience experienced on an American Airlines flight.\n<br><br><b>Background:<\/b> Imagine that you recently took an American Airlines flight where a flight attendant <b>required you to move from your chosen and preferred seat to a middle seat at the back of the plane<\/b>. You would like to be compensated for this inconvenience through the American Airlines chatbot.\n<br><br><b>Instructions:<\/b> On the next page, you will interact with a chatbot and send 8 messages. Please describe your issue and try to get as many miles as possible as compensation within the 8 message limit.&nbsp;<br><br><b>Rewards:<\/b> We will randomly select a few participants to receive the cash equivalent of the miles (at $0.01 per mile).<br><br>Please see the consent form to participate in our study here [<a target=\"_blank\" rel=\"noopener\" data-cke-saved-href=\"https:\/\/www.dropbox.com\/scl\/fi\/ah7bg115vxx56yy0yfqss\/93881_CoverLetter_1085432.pdf?rlkey=hh2sqdtb9hre33h5w7btv6lj1&amp;dl=1\" href=\"https:\/\/www.dropbox.com\/scl\/fi\/ah7bg115vxx56yy0yfqss\/93881_CoverLetter_1085432.pdf?rlkey=hh2sqdtb9hre33h5w7btv6lj1&amp;dl=1\">PDF<\/a>, opens in a new window]<br><br><div data-cke-filler-webkit=\"end\" data-cke-temp=\"1\" style=\"display: block; width: 0px; height: 0px; padding: 0px; border: 0px; margin: 0px; position: absolute; top: 0px; left: -9999px; opacity: 0; overflow: hidden;\">&nbsp;<\/div>","QuestionText_Unsafe":"For this study, your task is to negotiate with an AI chatbot over the price of a Rolex watch.<br>\n<br>\nYou will have <b>6&nbsp;negotiation rounds<\/b> with the AI chatbot to get the <b>lowest price possible<\/b>. That is, you can type in 6 prompts before the negotiation will automatically end.<br>\n<br>\n<span style=\"background-color:#f1c40f;\">Of the 200 participants, those who negotiate the 5 lowest negotiated prices will receive a $5 bonus.<\/span><br>\n<br>\n<i>- <\/i>Please do not type any personally identifiable information into the chat.<br>\n- Please see the consent form to participate in our study here [<a target=\"_blank\" href=\"https:\/\/www.dropbox.com\/scl\/fi\/ah7bg115vxx56yy0yfqss\/93881_CoverLetter_1085432.pdf?rlkey=hh2sqdtb9hre33h5w7btv6lj1&amp;dl=1\" rel=\"noopener\">PDF<\/a>, opens in a new window]<br>\n&nbsp;","QuestionType":"DB","Selector":"TB","Validation":{"Settings":{"Type":"None"}}}},{"SurveyID":"SV_6JwJNNdWYFid7YG","Element":"SQ","PrimaryAttribute":"QID63","SecondaryAttribute":"To begin:","TertiaryAttribute":null,"Payload":{"Configuration":{"Align":"left","QuestionDescriptionOption":"UseText","Theme":"light"},"DataExportTag":"recaptcha","DataVisibility":{"Hidden":false,"Private":false},"DefaultChoices":false,"GradingData":[],"Language":[],"NextAnswerId":1,"NextChoiceId":4,"QuestionDescription":"To begin:","QuestionID":"QID63","QuestionText":"To begin:","QuestionText_Unsafe":"To begin:","QuestionType":"Captcha","Selector":"V2"}},{"SurveyID":"SV_6JwJNNdWYFid7YG","Element":"SQ","PrimaryAttribute":"QID64","SecondaryAttribute":"(the negotiation will automatically complete after you send 7 messages or spend 5 or more minutes...","TertiaryAttribute":null,"Payload":{"QuestionText":"<i>(the negotiation will automatically complete after you send 7 messages or spend 5 or more minutes, whichever happens first)<\/i>","DefaultChoices":false,"DataExportTag":"Q19","QuestionType":"DB","Selector":"TB","DataVisibility":{"Private":false,"Hidden":false},"Configuration":{"QuestionDescriptionOption":"UseText"},"QuestionDescription":"(the negotiation will automatically complete after you send 7 messages or spend 5 or more minutes...","ChoiceOrder":[],"Validation":{"Settings":{"Type":"None"}},"GradingData":[],"Language":[],"NextChoiceId":4,"NextAnswerId":1,"QuestionID":"QID64"}},{"SurveyID":"SV_6JwJNNdWYFid7YG","Element":"SQ","PrimaryAttribute":"QID65","SecondaryAttribute":"Are you aware of any litigation into the use of chatbots by airlines?","TertiaryAttribute":null,"Payload":{"QuestionText":"Are you aware of any litigation into the use of chatbots by airlines?","DefaultChoices":false,"DataExportTag":"Post_litigation","QuestionType":"MC","Selector":"SAVR","SubSelector":"TX","DataVisibility":{"Private":false,"Hidden":false},"Configuration":{"QuestionDescriptionOption":"UseText"},"QuestionDescription":"Are you aware of any litigation into the use of chatbots by airlines?","Choices":{"1":{"Display":"I am aware of one or more investigations"},"2":{"Display":"I am not aware of any investigation."},"3":{"Display":"Don't know \/ Unsure"}},"ChoiceOrder":["1","2","3"],"Validation":{"Settings":{"ForceResponse":"OFF","ForceResponseType":"ON","Type":"None"}},"GradingData":[],"Language":[],"NextChoiceId":4,"NextAnswerId":1,"QuestionID":"QID65"}},{"SurveyID":"SV_6JwJNNdWYFid7YG","Element":"SQ","PrimaryAttribute":"QID66","SecondaryAttribute":"You indicated you were aware of one or more investigations into the use of chatbots by airlines....","TertiaryAttribute":null,"Payload":{"QuestionText":"You indicated you were aware of one or more investigations into the use of chatbots by airlines. In the text box below please describe the investigations you are aware of.","DefaultChoices":false,"DataExportTag":"Post_ligitation_awar","QuestionType":"TE","Selector":"SL","DataVisibility":{"Private":false,"Hidden":false},"Configuration":{"QuestionDescriptionOption":"UseText"},"QuestionDescription":"You indicated you were aware of one or more investigations into the use of chatbots by airlines....","Validation":{"Settings":{"ForceResponse":"ON","ForceResponseType":"ON","Type":"None"}},"GradingData":[],"Language":[],"NextChoiceId":4,"NextAnswerId":1,"SearchSource":{"AllowFreeResponse":"false"},"QuestionID":"QID66","InPageDisplayLogic":{"0":{"0":{"QuestionID":"QID65","QuestionIsInLoop":"no","ChoiceLocator":"q:\/\/QID65\/SelectableChoice\/1","Operator":"Selected","QuestionIDFromLocator":"QID65","LeftOperand":"q:\/\/QID65\/SelectableChoice\/1","Type":"Expression","LogicType":"Question","Description":"<span class=\"ConjDesc\">If<\/span> <span class=\"QuestionDesc\">Are you aware of any litigation into the use of chatbots by airlines?<\/span> <span class=\"LeftOpDesc\">I am aware of one or more investigations<\/span> <span class=\"OpDesc\">Is Selected<\/span> "},"Type":"If"},"Type":"BooleanExpression","inPage":true}}},{"SurveyID":"SV_6JwJNNdWYFid7YG","Element":"SQ","PrimaryAttribute":"QID67","SecondaryAttribute":"How satisfied are you with American Airlines?","TertiaryAttribute":null,"Payload":{"QuestionText":"How satisfied are you with American Airlines?","DefaultChoices":false,"DataExportTag":"Satisfied_AirCanada","QuestionType":"MC","Selector":"SAVR","SubSelector":"TX","DataVisibility":{"Private":false,"Hidden":false},"Configuration":{"QuestionDescriptionOption":"UseText","Autoscale":{"YScale":{"Name":"satisfiedDissatisfied","Type":"likert","Reverse":false}}},"QuestionDescription":"How satisfied are you with American Airlines?","Choices":{"9":{"Display":"Extremely dissatisfied"},"10":{"Display":"Somewhat dissatisfied"},"11":{"Display":"Neither satisfied nor dissatisfied"},"12":{"Display":"Somewhat satisfied"},"13":{"Display":"Extremely satisfied"}},"ChoiceOrder":["9","10","11","12","13"],"Validation":{"Settings":{"ForceResponse":"OFF","Type":"None"}},"GradingData":[],"Language":[],"NextChoiceId":17,"NextAnswerId":22,"QuestionID":"QID67","Randomization":{"Advanced":null,"ConsistentScaleReversal":true,"TotalRandSubset":"","Type":"ScaleReversal"}}},{"SurveyID":"SV_6JwJNNdWYFid7YG","Element":"SQ","PrimaryAttribute":"QID68","SecondaryAttribute":"After interacting with the chatbot about American Airlines' bereavement fare policy, how likely a...","TertiaryAttribute":null,"Payload":{"QuestionText":"After interacting with the chatbot about American Airlines' bereavement fare policy, how likely are you to feel the need to confirm the information provided by the chatbot with a live airline representative? <br><br>Please select one option from the list below.","DefaultChoices":false,"DataExportTag":"confirm","QuestionType":"MC","Selector":"SAVR","SubSelector":"TX","DataVisibility":{"Private":false,"Hidden":false},"Configuration":{"QuestionDescriptionOption":"UseText"},"QuestionDescription":"After interacting with the chatbot about American Airlines' bereavement fare policy, how likely a...","Choices":{"17":{"Display":"Extremely unlikely to confirm with a customer service agent"},"18":{"Display":"Somewhat unlikely to confirm with a customer service agent"},"19":{"Display":"Neither likely nor unlikely to confirm with a customer service agent"},"20":{"Display":"Somewhat likely to confirm with a customer service agent"},"21":{"Display":"Extremely likely to confirm with a customer service agent"}},"ChoiceOrder":["17","18","19","20","21"],"Randomization":{"Advanced":null,"ConsistentScaleReversal":true,"TotalRandSubset":"","Type":"ScaleReversal"},"Validation":{"Settings":{"ForceResponse":"OFF","Type":"None"}},"GradingData":[],"Language":[],"NextChoiceId":22,"NextAnswerId":22,"QuestionID":"QID68","RecodeValues":{"17":"1","18":"2","19":"3","20":"4","21":"5"}}},{"SurveyID":"SV_6JwJNNdWYFid7YG","Element":"SQ","PrimaryAttribute":"QID69","SecondaryAttribute":"Timing","TertiaryAttribute":null,"Payload":{"QuestionText":"Timing","DefaultChoices":false,"DataExportTag":"Q24","QuestionType":"Timing","Selector":"PageTimer","DataVisibility":{"Private":false,"Hidden":false},"Configuration":{"QuestionDescriptionOption":"UseText","MinSeconds":8,"MaxSeconds":"0"},"QuestionDescription":"Timing","Choices":{"1":{"Display":"First Click"},"2":{"Display":"Last Click"},"3":{"Display":"Page Submit"},"4":{"Display":"Click Count"}},"GradingData":[],"Language":[],"NextChoiceId":68,"NextAnswerId":1,"QuestionID":"QID69"}},{"SurveyID":"SV_6JwJNNdWYFid7YG","Element":"SQ","PrimaryAttribute":"QID70","SecondaryAttribute":"Scenario:\u00a0 -\u00a0On a flight, an attendant made you change out of your reserved seat so that a parent.","TertiaryAttribute":null,"Payload":{"QuestionText":"<b>Scenario:<\/b>&nbsp;<br>-&nbsp;On a flight, an attendant made you change out of your reserved seat so that a parent could sit next to their child. <br>- You were not allowed to remain in your seat; you were required to move. <br>- You were originally in seat 15A (a window seat), and you were moved to seat 30E (a middle seat). <br><br>You are now reaching out to customer support about this issue, and have been connected with a chatbot who can access your reservation. <b>Your task as to obtain as many miles as possible.&nbsp;<\/b><br><br><b>Note:<\/b><br><b>- Please wait for the chatbot's response to each of your messages before sending another. <br>- You will be able to proceed only once you have sent at least 8 messages (in total).<br><\/b>","DefaultChoices":false,"DataExportTag":"instructions","QuestionType":"DB","Selector":"TB","DataVisibility":{"Private":false,"Hidden":false},"Configuration":{"QuestionDescriptionOption":"UseText"},"QuestionDescription":"Scenario:\u00a0 -\u00a0On a flight, an attendant made you change out of your reserved seat so that a parent...","ChoiceOrder":[],"Validation":{"Settings":{"Type":"None"}},"GradingData":[],"Language":[],"NextChoiceId":4,"NextAnswerId":1,"QuestionID":"QID70"}},{"SurveyID":"SV_6JwJNNdWYFid7YG","Element":"SQ","PrimaryAttribute":"QID71","SecondaryAttribute":"In which Canadian province do you residence","TertiaryAttribute":null,"Payload":{"QuestionText":"In which Canadian province do you residence","DefaultChoices":false,"DataExportTag":"Q26","QuestionType":"MC","Selector":"SAVR","SubSelector":"TX","DataVisibility":{"Private":false,"Hidden":false},"Configuration":{"QuestionDescriptionOption":"UseText"},"QuestionDescription":"In which Canadian province do you residence","Choices":{"1":{"Display":"Click to write Choice 1"},"2":{"Display":"Click to write Choice 2"},"3":{"Display":"Click to write Choice 3"}},"ChoiceOrder":["1","2","3"],"Validation":{"Settings":{"ForceResponse":"OFF","Type":"None"}},"GradingData":[],"Language":[],"NextChoiceId":4,"NextAnswerId":1,"QuestionID":"QID71"}},{"SurveyID":"SV_6JwJNNdWYFid7YG","Element":"SQ","PrimaryAttribute":"QID72","SecondaryAttribute":"How would you describe the overall tone of the chatbot's responses?","TertiaryAttribute":null,"Payload":{"QuestionText":"How would you describe the overall tone of the chatbot's responses?","DefaultChoices":false,"DataExportTag":"tonemanipcheck","QuestionType":"MC","Selector":"SAVR","SubSelector":"TX","DataVisibility":{"Private":false,"Hidden":false},"Configuration":{"QuestionDescriptionOption":"UseText"},"QuestionDescription":"How would you describe the overall tone of the chatbot's responses?","Choices":{"1":{"Display":"Very formal"},"2":{"Display":"Somewhat formal"},"3":{"Display":"Neutral"},"4":{"Display":"Somewhat casual"},"5":{"Display":"Very casual"}},"ChoiceOrder":["1","2","3","4","5"],"Validation":{"Settings":{"ForceResponse":"ON","ForceResponseType":"ON","Type":"None"}},"GradingData":[],"Language":[],"NextChoiceId":6,"NextAnswerId":1,"QuestionID":"QID72","Randomization":{"Advanced":null,"ConsistentScaleReversal":true,"TotalRandSubset":"","Type":"ScaleReversal"}}},{"SurveyID":"SV_6JwJNNdWYFid7YG","Element":"SQ","PrimaryAttribute":"QID73","SecondaryAttribute":"Did the chatbot ever offer you miles?","TertiaryAttribute":null,"Payload":{"QuestionText":"Did the chatbot ever offer you miles?","DefaultChoices":false,"DataExportTag":"Post_Offermiles","QuestionType":"MC","Selector":"SAVR","SubSelector":"TX","DataVisibility":{"Private":false,"Hidden":false},"Configuration":{"QuestionDescriptionOption":"UseText"},"QuestionDescription":"Did the chatbot ever offer you miles?","Choices":{"1":{"Display":"Yes"},"2":{"Display":"No"}},"ChoiceOrder":["1","2"],"Validation":{"Settings":{"ForceResponse":"OFF","Type":"None"}},"GradingData":[],"Language":[],"NextChoiceId":4,"NextAnswerId":1,"QuestionID":"QID73"}},{"SurveyID":"SV_6JwJNNdWYFid7YG","Element":"SQ","PrimaryAttribute":"QID74","SecondaryAttribute":"By the end of the chat, how many miles were you able to obtain from the chatbot?","TertiaryAttribute":null,"Payload":{"QuestionText":"By the end of the chat, how many miles were you able to obtain from the chatbot?","DefaultChoices":false,"DataExportTag":"Post_milesmany","QuestionID":"QID74","QuestionType":"TE","Selector":"SL","DataVisibility":{"Private":false,"Hidden":false},"Configuration":{"QuestionDescriptionOption":"UseText"},"QuestionDescription":"By the end of the chat, how many miles were you able to obtain from the chatbot?","Validation":{"Settings":{"ForceResponse":"OFF","Type":"ContentType","MinChars":"1","ContentType":"ValidNumber","ValidDateType":"DateWithFormat","ValidPhoneType":"ValidUSPhone","ValidZipType":"ValidUSZip","ValidNumber":{"Min":"0","Max":"","NumDecimals":""}}},"GradingData":[],"Language":[],"NextChoiceId":4,"NextAnswerId":1,"SearchSource":{"AllowFreeResponse":"false"},"InPageDisplayLogic":{"0":{"0":{"ChoiceLocator":"q:\/\/QID73\/SelectableChoice\/1","Description":"<span class=\"ConjDesc\">If<\/span> <span class=\"QuestionDesc\">Did the chatbot ever offer you miles?<\/span> <span class=\"LeftOpDesc\">Yes<\/span> <span class=\"OpDesc\">Is Selected<\/span> ","LeftOperand":"q:\/\/QID73\/SelectableChoice\/1","LogicType":"Question","Operator":"Selected","QuestionID":"QID73","QuestionIDFromLocator":"QID73","QuestionIsInLoop":"no","Type":"Expression"},"Type":"If"},"Type":"BooleanExpression","inPage":true}}},{"SurveyID":"SV_6JwJNNdWYFid7YG","Element":"STAT","PrimaryAttribute":"Survey Statistics","SecondaryAttribute":null,"TertiaryAttribute":null,"Payload":{"MobileCompatible":true,"ID":"Survey Statistics"}}]}